{
  "name": "hello",
  "version": "1.0.0",
  "lockfileVersion": 3,
  "requires": true,
  "packages": {
    "": {
      "name": "hello",
      "version": "1.0.0",
      "license": "ISC",
      "dependencies": {
        "otpauth": "^9.2.2"
      }
    },
    "node_modules/jssha": {
      "version": "3.3.1",
      "resolved": "https://registry.npmjs.org/jssha/-/jssha-3.3.1.tgz",
      "integrity": "sha512-VCMZj12FCFMQYcFLPRm/0lOBbLi8uM2BhXPTqw3U4YAfs4AZfiApOoBLoN8cQE60Z50m1MYMTQVCfgF/KaCVhQ==",
      "engines": {
        "node": "*"
      }
    },
    "node_modules/otpauth": {
      "version": "9.2.2",
      "resolved": "https://registry.npmjs.org/otpauth/-/otpauth-9.2.2.tgz",
      "integrity": "sha512-2VcnYRUmq1dNckIfySNYP32ITWp1bvTeAEW0BSCR6G3GBf3a5zb9E+ubY62t3Dma9RjoHlvd7QpmzHfJZRkiNg==",
      "dependencies": {
        "jssha": "~3.3.1"
      },
      "funding": {
        "url": "https://github.com/hectorm/otpauth?sponsor=1"
      }
    }
  }
}
